
Microsoft Visual Studio Solution File, Format Version 12.00
# Visual Studio Version 17
VisualStudioVersion = 17.9.34622.214
MinimumVisualStudioVersion = 10.0.40219.1
Project("{FAE04EC0-301F-11D3-BF4B-00C04F79EFBC}") = "Proxy Design Pattern", "Proxy Design Pattern\Proxy Design Pattern.csproj", "{5977B300-AAD4-4561-8A44-7F4C69FE7217}"
EndProject
Global
	GlobalSection(SolutionConfigurationPlatforms) = preSolution
		Debug|Any CPU = Debug|Any CPU
		Release|Any CPU = Release|Any CPU
	EndGlobalSection
	GlobalSection(ProjectConfigurationPlatforms) = postSolution
		{5977B300-AAD4-4561-8A44-7F4C69FE7217}.Debug|Any CPU.ActiveCfg = Debug|Any CPU
		{5977B300-AAD4-4561-8A44-7F4C69FE7217}.Debug|Any CPU.Build.0 = Debug|Any CPU
		{5977B300-AAD4-4561-8A44-7F4C69FE7217}.Release|Any CPU.ActiveCfg = Release|Any CPU
		{5977B300-AAD4-4561-8A44-7F4C69FE7217}.Release|Any CPU.Build.0 = Release|Any CPU
	EndGlobalSection
	GlobalSection(SolutionProperties) = preSolution
		HideSolutionNode = FALSE
	EndGlobalSection
	GlobalSection(ExtensibilityGlobals) = postSolution
		SolutionGuid = {2D32E2CE-2FD2-4344-B782-BE17D014DC81}
	EndGlobalSection
EndGlobal
